// !$*UTF8*$!
{
	archiveVersion = 1;
	classes = {
	};
	objectVersion = 46;
	objects = {

/* Begin PBXBuildFile section */
		7430603B19A44EEB00D3625F /* Foundation.framework in Frameworks */ = {isa = PBXBuildFile; fileRef = 7430603A19A44EEB00D3625F /* Foundation.framework */; };
		7430603D19A44EEB00D3625F /* CoreGraphics.framework in Frameworks */ = {isa = PBXBuildFile; fileRef = 7430603C19A44EEB00D3625F /* CoreGraphics.framework */; };
		7430603F19A44EEB00D3625F /* UIKit.framework in Frameworks */ = {isa = PBXBuildFile; fileRef = 7430603E19A44EEB00D3625F /* UIKit.framework */; };
		7430604519A44EEB00D3625F /* InfoPlist.strings in Resources */ = {isa = PBXBuildFile; fileRef = 7430604319A44EEB00D3625F /* InfoPlist.strings */; };
		7430604719A44EEB00D3625F /* main.m in Sources */ = {isa = PBXBuildFile; fileRef = 7430604619A44EEB00D3625F /* main.m */; };
		7430604B19A44EEB00D3625F /* AppDelegate.m in Sources */ = {isa = PBXBuildFile; fileRef = 7430604A19A44EEB00D3625F /* AppDelegate.m */; };
		7430604D19A44EEB00D3625F /* Images.xcassets in Resources */ = {isa = PBXBuildFile; fileRef = 7430604C19A44EEB00D3625F /* Images.xcassets */; };
		7430605419A44EEB00D3625F /* XCTest.framework in Frameworks */ = {isa = PBXBuildFile; fileRef = 7430605319A44EEB00D3625F /* XCTest.framework */; };
		7430605519A44EEB00D3625F /* Foundation.framework in Frameworks */ = {isa = PBXBuildFile; fileRef = 7430603A19A44EEB00D3625F /* Foundation.framework */; };
		7430605619A44EEB00D3625F /* UIKit.framework in Frameworks */ = {isa = PBXBuildFile; fileRef = 7430603E19A44EEB00D3625F /* UIKit.framework */; };
		7430605E19A44EEB00D3625F /* InfoPlist.strings in Resources */ = {isa = PBXBuildFile; fileRef = 7430605C19A44EEB00D3625F /* InfoPlist.strings */; };
		7430606019A44EEB00D3625F /* IMFiveAppTests.m in Sources */ = {isa = PBXBuildFile; fileRef = 7430605F19A44EEB00D3625F /* IMFiveAppTests.m */; };
		7430607819A4516D00D3625F /* LeftViewController.m in Sources */ = {isa = PBXBuildFile; fileRef = 7430606B19A4516C00D3625F /* LeftViewController.m */; };
		7430607C19A4516D00D3625F /* SliderViewController.m in Sources */ = {isa = PBXBuildFile; fileRef = 7430607719A4516D00D3625F /* SliderViewController.m */; };
		7430608219A4522100D3625F /* QHBasicViewController.m in Sources */ = {isa = PBXBuildFile; fileRef = 7430607F19A4522100D3625F /* QHBasicViewController.m */; };
		7430608319A4522100D3625F /* UIView+KGViewExtend.m in Sources */ = {isa = PBXBuildFile; fileRef = 7430608119A4522100D3625F /* UIView+KGViewExtend.m */; };
		7430609119A4849B00D3625F /* ClassifyViewController.m in Sources */ = {isa = PBXBuildFile; fileRef = 7430608819A4849B00D3625F /* ClassifyViewController.m */; };
		7430609219A4849B00D3625F /* ShoppingViewController.m in Sources */ = {isa = PBXBuildFile; fileRef = 7430608A19A4849B00D3625F /* ShoppingViewController.m */; };
		7430609319A4849B00D3625F /* MainTabViewController.m in Sources */ = {isa = PBXBuildFile; fileRef = 7430608C19A4849B00D3625F /* MainTabViewController.m */; };
		7430609419A4849B00D3625F /* IndexViewController.m in Sources */ = {isa = PBXBuildFile; fileRef = 7430608E19A4849B00D3625F /* IndexViewController.m */; };
		74597FCD19B1CBF000C9737E /* libz.dylib in Frameworks */ = {isa = PBXBuildFile; fileRef = 74597FCC19B1CBF000C9737E /* libz.dylib */; };
		A80859891A2C5CBE007A20FB /* scroll_1.png in Resources */ = {isa = PBXBuildFile; fileRef = A80859861A2C5CBE007A20FB /* scroll_1.png */; };
		A808598A1A2C5CBE007A20FB /* scroll_2.png in Resources */ = {isa = PBXBuildFile; fileRef = A80859871A2C5CBE007A20FB /* scroll_2.png */; };
		A808598B1A2C5CBE007A20FB /* scroll_3.png in Resources */ = {isa = PBXBuildFile; fileRef = A80859881A2C5CBE007A20FB /* scroll_3.png */; };
		A845D98E1A28574200503D95 /* scroll_1@2x.png in Resources */ = {isa = PBXBuildFile; fileRef = A845D98B1A28574200503D95 /* scroll_1@2x.png */; };
		A845D98F1A28574200503D95 /* scroll_2@2x.png in Resources */ = {isa = PBXBuildFile; fileRef = A845D98C1A28574200503D95 /* scroll_2@2x.png */; };
		A845D9901A28574200503D95 /* scroll_3@2x.png in Resources */ = {isa = PBXBuildFile; fileRef = A845D98D1A28574200503D95 /* scroll_3@2x.png */; };
		A85A1D6B1A106EB4007AA77D /* Reachability.m in Sources */ = {isa = PBXBuildFile; fileRef = A85A1D6A1A106EB4007AA77D /* Reachability.m */; };
		A85A1D721A107187007AA77D /* NetProcessor.m in Sources */ = {isa = PBXBuildFile; fileRef = A85A1D711A107187007AA77D /* NetProcessor.m */; };
		A88A8EC41A11F68F00A0F417 /* SearchDetailController.m in Sources */ = {isa = PBXBuildFile; fileRef = A88A8EC31A11F68F00A0F417 /* SearchDetailController.m */; };
		A88A8EC91A11F76100A0F417 /* ChineseInclude.m in Sources */ = {isa = PBXBuildFile; fileRef = A88A8EC61A11F76100A0F417 /* ChineseInclude.m */; };
		A88A8F001A11F91500A0F417 /* ChineseToPinyinResource.m in Sources */ = {isa = PBXBuildFile; fileRef = A88A8EF41A11F91500A0F417 /* ChineseToPinyinResource.m */; };
		A88A8F011A11F91500A0F417 /* HanyuPinyinOutputFormat.m in Sources */ = {isa = PBXBuildFile; fileRef = A88A8EF61A11F91500A0F417 /* HanyuPinyinOutputFormat.m */; };
		A88A8F021A11F91500A0F417 /* NSString+PinYin4Cocoa.m in Sources */ = {isa = PBXBuildFile; fileRef = A88A8EF81A11F91500A0F417 /* NSString+PinYin4Cocoa.m */; };
		A88A8F031A11F91500A0F417 /* PinyinFormatter.m in Sources */ = {isa = PBXBuildFile; fileRef = A88A8EFA1A11F91500A0F417 /* PinyinFormatter.m */; };
		A88A8F041A11F91500A0F417 /* PinYinForObjc.m in Sources */ = {isa = PBXBuildFile; fileRef = A88A8EFC1A11F91500A0F417 /* PinYinForObjc.m */; };
		A88A8F051A11F91500A0F417 /* PinyinHelper.m in Sources */ = {isa = PBXBuildFile; fileRef = A88A8EFE1A11F91500A0F417 /* PinyinHelper.m */; };
		A88A8F061A11F91500A0F417 /* unicode_to_hanyu_pinyin.txt in Resources */ = {isa = PBXBuildFile; fileRef = A88A8EFF1A11F91500A0F417 /* unicode_to_hanyu_pinyin.txt */; };
		A88A8F0C1A11F9B100A0F417 /* MLTransitionAnimation.m in Sources */ = {isa = PBXBuildFile; fileRef = A88A8F091A11F9B100A0F417 /* MLTransitionAnimation.m */; };
		A88A8F0D1A11F9B100A0F417 /* UIViewController+MLTransition.m in Sources */ = {isa = PBXBuildFile; fileRef = A88A8F0B1A11F9B100A0F417 /* UIViewController+MLTransition.m */; };
		A8A87ABB1A0A2B1500251CE9 /* QHCommonUtil.m in Sources */ = {isa = PBXBuildFile; fileRef = A8A87AAC1A0A2B1500251CE9 /* QHCommonUtil.m */; };
		A8B50C991A0CC56600DC2DEA /* account_item_bg@2x.png in Resources */ = {isa = PBXBuildFile; fileRef = A8B50C7F1A0CC56600DC2DEA /* account_item_bg@2x.png */; };
		A8B50C9A1A0CC56600DC2DEA /* account_item_wbg@2x.png in Resources */ = {isa = PBXBuildFile; fileRef = A8B50C801A0CC56600DC2DEA /* account_item_wbg@2x.png */; };
		A8B50C9B1A0CC56600DC2DEA /* classify_item_bg@2x.png in Resources */ = {isa = PBXBuildFile; fileRef = A8B50C811A0CC56600DC2DEA /* classify_item_bg@2x.png */; };
		A8B50C9C1A0CC56600DC2DEA /* classify_item_wbg@2x.png in Resources */ = {isa = PBXBuildFile; fileRef = A8B50C821A0CC56600DC2DEA /* classify_item_wbg@2x.png */; };
		A8B50C9D1A0CC56600DC2DEA /* feed_back_item_bg@2x.png in Resources */ = {isa = PBXBuildFile; fileRef = A8B50C831A0CC56600DC2DEA /* feed_back_item_bg@2x.png */; };
		A8B50C9E1A0CC56600DC2DEA /* feed_back_item_wbg@2x.png in Resources */ = {isa = PBXBuildFile; fileRef = A8B50C841A0CC56600DC2DEA /* feed_back_item_wbg@2x.png */; };
		A8B50C9F1A0CC56600DC2DEA /* index_item_bg@2x.png in Resources */ = {isa = PBXBuildFile; fileRef = A8B50C851A0CC56600DC2DEA /* index_item_bg@2x.png */; };
		A8B50CA01A0CC56600DC2DEA /* index_item_wbg@2x.png in Resources */ = {isa = PBXBuildFile; fileRef = A8B50C861A0CC56600DC2DEA /* index_item_wbg@2x.png */; };
		A8B50CA11A0CC56600DC2DEA /* menu_icon_red@2x.png in Resources */ = {isa = PBXBuildFile; fileRef = A8B50C871A0CC56600DC2DEA /* menu_icon_red@2x.png */; };
		A8B50CA21A0CC56600DC2DEA /* menu_icon_white@2x.png in Resources */ = {isa = PBXBuildFile; fileRef = A8B50C881A0CC56600DC2DEA /* menu_icon_white@2x.png */; };
		A8B50CA31A0CC56600DC2DEA /* search_bg@2x.png in Resources */ = {isa = PBXBuildFile; fileRef = A8B50C891A0CC56600DC2DEA /* search_bg@2x.png */; };
		A8B50CA41A0CC56600DC2DEA /* search_wbg@2x.png in Resources */ = {isa = PBXBuildFile; fileRef = A8B50C8A1A0CC56600DC2DEA /* search_wbg@2x.png */; };
		A8B50CA51A0CC56600DC2DEA /* shopping_item_bg@2x.png in Resources */ = {isa = PBXBuildFile; fileRef = A8B50C8B1A0CC56600DC2DEA /* shopping_item_bg@2x.png */; };
		A8B50CA61A0CC56600DC2DEA /* shopping_item_wbg@2x.png in Resources */ = {isa = PBXBuildFile; fileRef = A8B50C8C1A0CC56600DC2DEA /* shopping_item_wbg@2x.png */; };
		A8B50CA71A0CC56600DC2DEA /* tabbar_bg@2x.png in Resources */ = {isa = PBXBuildFile; fileRef = A8B50C8D1A0CC56600DC2DEA /* tabbar_bg@2x.png */; };
		A8B50CA81A0CC56600DC2DEA /* Thumbs.db in Resources */ = {isa = PBXBuildFile; fileRef = A8B50C8E1A0CC56600DC2DEA /* Thumbs.db */; };
		A8B50CA91A0CC56600DC2DEA /* 1@2x.png in Resources */ = {isa = PBXBuildFile; fileRef = A8B50C901A0CC56600DC2DEA /* 1@2x.png */; };
		A8B50CAA1A0CC56600DC2DEA /* 2@2x.png in Resources */ = {isa = PBXBuildFile; fileRef = A8B50C911A0CC56600DC2DEA /* 2@2x.png */; };
		A8B50CAB1A0CC56600DC2DEA /* 3@2x.png in Resources */ = {isa = PBXBuildFile; fileRef = A8B50C921A0CC56600DC2DEA /* 3@2x.png */; };
		A8B50CAC1A0CC56600DC2DEA /* 4@2x.png in Resources */ = {isa = PBXBuildFile; fileRef = A8B50C931A0CC56600DC2DEA /* 4@2x.png */; };
		A8B50CAD1A0CC56600DC2DEA /* 5@2x.png in Resources */ = {isa = PBXBuildFile; fileRef = A8B50C941A0CC56600DC2DEA /* 5@2x.png */; };
		A8B50CAE1A0CC56600DC2DEA /* jm.png in Resources */ = {isa = PBXBuildFile; fileRef = A8B50C951A0CC56600DC2DEA /* jm.png */; };
		A8B50CAF1A0CC56600DC2DEA /* left_bg@2x.png in Resources */ = {isa = PBXBuildFile; fileRef = A8B50C961A0CC56600DC2DEA /* left_bg@2x.png */; };
		A8B50CB01A0CC56600DC2DEA /* left_line@2x.png in Resources */ = {isa = PBXBuildFile; fileRef = A8B50C971A0CC56600DC2DEA /* left_line@2x.png */; };
		A8B50CB11A0CC56600DC2DEA /* push_btn_bg@2x.png in Resources */ = {isa = PBXBuildFile; fileRef = A8B50C981A0CC56600DC2DEA /* push_btn_bg@2x.png */; };
		A8FC06DD1A086BF7000FAD59 /* GuideViewController.m in Sources */ = {isa = PBXBuildFile; fileRef = A8FC06DC1A086BF7000FAD59 /* GuideViewController.m */; };
		A8FC06E11A08775A000FAD59 /* AccountViewController.m in Sources */ = {isa = PBXBuildFile; fileRef = A8FC06E01A08775A000FAD59 /* AccountViewController.m */; };
		A8FC06E41A087792000FAD59 /* FeedBackViewController.m in Sources */ = {isa = PBXBuildFile; fileRef = A8FC06E31A087792000FAD59 /* FeedBackViewController.m */; };
		A8FC06ED1A088F1C000FAD59 /* NextViewController.m in Sources */ = {isa = PBXBuildFile; fileRef = A8FC06EC1A088F1C000FAD59 /* NextViewController.m */; };
		A8FC07301A08BD85000FAD59 /* WebContainerController.m in Sources */ = {isa = PBXBuildFile; fileRef = A8FC072E1A08BD85000FAD59 /* WebContainerController.m */; };
		A8FC07311A08BD85000FAD59 /* WebContainerController.xib in Resources */ = {isa = PBXBuildFile; fileRef = A8FC072F1A08BD85000FAD59 /* WebContainerController.xib */; };
		A8FC07341A08BFCE000FAD59 /* UIView+Custom.m in Sources */ = {isa = PBXBuildFile; fileRef = A8FC07331A08BFCE000FAD59 /* UIView+Custom.m */; };
		A8FC07371A09D7BB000FAD59 /* SearchViewController.m in Sources */ = {isa = PBXBuildFile; fileRef = A8FC07361A09D7BB000FAD59 /* SearchViewController.m */; };
/* End PBXBuildFile section */

/* Begin PBXContainerItemProxy section */
		7430605719A44EEB00D3625F /* PBXContainerItemProxy */ = {
			isa = PBXContainerItemProxy;
			containerPortal = 7430602F19A44EEB00D3625F /* Project object */;
			proxyType = 1;
			remoteGlobalIDString = 7430603619A44EEB00D3625F;
			remoteInfo = IMFiveApp;
		};
/* End PBXContainerItemProxy section */

/* Begin PBXFileReference section */
		7430603719A44EEB00D3625F /* IMFiveApp.app */ = {isa = PBXFileReference; explicitFileType = wrapper.application; includeInIndex = 0; path = IMFiveApp.app; sourceTree = BUILT_PRODUCTS_DIR; };
		7430603A19A44EEB00D3625F /* Foundation.framework */ = {isa = PBXFileReference; lastKnownFileType = wrapper.framework; name = Foundation.framework; path = System/Library/Frameworks/Foundation.framework; sourceTree = SDKROOT; };
		7430603C19A44EEB00D3625F /* CoreGraphics.framework */ = {isa = PBXFileReference; lastKnownFileType = wrapper.framework; name = CoreGraphics.framework; path = System/Library/Frameworks/CoreGraphics.framework; sourceTree = SDKROOT; };
		7430603E19A44EEB00D3625F /* UIKit.framework */ = {isa = PBXFileReference; lastKnownFileType = wrapper.framework; name = UIKit.framework; path = System/Library/Frameworks/UIKit.framework; sourceTree = SDKROOT; };
		7430604219A44EEB00D3625F /* IMFiveApp-Info.plist */ = {isa = PBXFileReference; lastKnownFileType = text.plist.xml; path = "IMFiveApp-Info.plist"; sourceTree = "<group>"; };
		7430604419A44EEB00D3625F /* en */ = {isa = PBXFileReference; lastKnownFileType = text.plist.strings; name = en; path = en.lproj/InfoPlist.strings; sourceTree = "<group>"; };
		7430604619A44EEB00D3625F /* main.m */ = {isa = PBXFileReference; lastKnownFileType = sourcecode.c.objc; path = main.m; sourceTree = "<group>"; };
		7430604819A44EEB00D3625F /* IMFiveApp-Prefix.pch */ = {isa = PBXFileReference; lastKnownFileType = sourcecode.c.h; path = "IMFiveApp-Prefix.pch"; sourceTree = "<group>"; };
		7430604919A44EEB00D3625F /* AppDelegate.h */ = {isa = PBXFileReference; lastKnownFileType = sourcecode.c.h; path = AppDelegate.h; sourceTree = "<group>"; };
		7430604A19A44EEB00D3625F /* AppDelegate.m */ = {isa = PBXFileReference; lastKnownFileType = sourcecode.c.objc; path = AppDelegate.m; sourceTree = "<group>"; };
		7430604C19A44EEB00D3625F /* Images.xcassets */ = {isa = PBXFileReference; lastKnownFileType = folder.assetcatalog; path = Images.xcassets; sourceTree = "<group>"; };
		7430605219A44EEB00D3625F /* IMFiveAppTests.xctest */ = {isa = PBXFileReference; explicitFileType = wrapper.cfbundle; includeInIndex = 0; path = IMFiveAppTests.xctest; sourceTree = BUILT_PRODUCTS_DIR; };
		7430605319A44EEB00D3625F /* XCTest.framework */ = {isa = PBXFileReference; lastKnownFileType = wrapper.framework; name = XCTest.framework; path = Library/Frameworks/XCTest.framework; sourceTree = DEVELOPER_DIR; };
		7430605B19A44EEB00D3625F /* IMFiveAppTests-Info.plist */ = {isa = PBXFileReference; lastKnownFileType = text.plist.xml; path = "IMFiveAppTests-Info.plist"; sourceTree = "<group>"; };
		7430605D19A44EEB00D3625F /* en */ = {isa = PBXFileReference; lastKnownFileType = text.plist.strings; name = en; path = en.lproj/InfoPlist.strings; sourceTree = "<group>"; };
		7430605F19A44EEB00D3625F /* IMFiveAppTests.m */ = {isa = PBXFileReference; lastKnownFileType = sourcecode.c.objc; path = IMFiveAppTests.m; sourceTree = "<group>"; };
		7430606A19A4516C00D3625F /* LeftViewController.h */ = {isa = PBXFileReference; fileEncoding = 4; lastKnownFileType = sourcecode.c.h; path = LeftViewController.h; sourceTree = "<group>"; };
		7430606B19A4516C00D3625F /* LeftViewController.m */ = {isa = PBXFileReference; fileEncoding = 4; lastKnownFileType = sourcecode.c.objc; path = LeftViewController.m; sourceTree = "<group>"; };
		7430607619A4516D00D3625F /* SliderViewController.h */ = {isa = PBXFileReference; fileEncoding = 4; lastKnownFileType = sourcecode.c.h; path = SliderViewController.h; sourceTree = "<group>"; };
		7430607719A4516D00D3625F /* SliderViewController.m */ = {isa = PBXFileReference; fileEncoding = 4; lastKnownFileType = sourcecode.c.objc; path = SliderViewController.m; sourceTree = "<group>"; };
		7430607E19A4522100D3625F /* QHBasicViewController.h */ = {isa = PBXFileReference; fileEncoding = 4; lastKnownFileType = sourcecode.c.h; path = QHBasicViewController.h; sourceTree = "<group>"; };
		7430607F19A4522100D3625F /* QHBasicViewController.m */ = {isa = PBXFileReference; fileEncoding = 4; lastKnownFileType = sourcecode.c.objc; path = QHBasicViewController.m; sourceTree = "<group>"; };
		7430608019A4522100D3625F /* UIView+KGViewExtend.h */ = {isa = PBXFileReference; fileEncoding = 4; lastKnownFileType = sourcecode.c.h; path = "UIView+KGViewExtend.h"; sourceTree = "<group>"; };
		7430608119A4522100D3625F /* UIView+KGViewExtend.m */ = {isa = PBXFileReference; fileEncoding = 4; lastKnownFileType = sourcecode.c.objc; path = "UIView+KGViewExtend.m"; sourceTree = "<group>"; };
		7430608719A4849B00D3625F /* ClassifyViewController.h */ = {isa = PBXFileReference; fileEncoding = 4; lastKnownFileType = sourcecode.c.h; path = ClassifyViewController.h; sourceTree = "<group>"; };
		7430608819A4849B00D3625F /* ClassifyViewController.m */ = {isa = PBXFileReference; fileEncoding = 4; lastKnownFileType = sourcecode.c.objc; path = ClassifyViewController.m; sourceTree = "<group>"; };
		7430608919A4849B00D3625F /* ShoppingViewController.h */ = {isa = PBXFileReference; fileEncoding = 4; lastKnownFileType = sourcecode.c.h; path = ShoppingViewController.h; sourceTree = "<group>"; };
		7430608A19A4849B00D3625F /* ShoppingViewController.m */ = {isa = PBXFileReference; fileEncoding = 4; lastKnownFileType = sourcecode.c.objc; path = ShoppingViewController.m; sourceTree = "<group>"; };
		7430608B19A4849B00D3625F /* MainTabViewController.h */ = {isa = PBXFileReference; fileEncoding = 4; lastKnownFileType = sourcecode.c.h; path = MainTabViewController.h; sourceTree = "<group>"; };
		7430608C19A4849B00D3625F /* MainTabViewController.m */ = {isa = PBXFileReference; fileEncoding = 4; lastKnownFileType = sourcecode.c.objc; path = MainTabViewController.m; sourceTree = "<group>"; };
		7430608D19A4849B00D3625F /* IndexViewController.h */ = {isa = PBXFileReference; fileEncoding = 4; lastKnownFileType = sourcecode.c.h; path = IndexViewController.h; sourceTree = "<group>"; };
		7430608E19A4849B00D3625F /* IndexViewController.m */ = {isa = PBXFileReference; fileEncoding = 4; lastKnownFileType = sourcecode.c.objc; path = IndexViewController.m; sourceTree = "<group>"; };
		74597FCC19B1CBF000C9737E /* libz.dylib */ = {isa = PBXFileReference; lastKnownFileType = "compiled.mach-o.dylib"; name = libz.dylib; path = usr/lib/libz.dylib; sourceTree = SDKROOT; };
		A80859861A2C5CBE007A20FB /* scroll_1.png */ = {isa = PBXFileReference; lastKnownFileType = image.png; path = scroll_1.png; sourceTree = "<group>"; };
		A80859871A2C5CBE007A20FB /* scroll_2.png */ = {isa = PBXFileReference; lastKnownFileType = image.png; path = scroll_2.png; sourceTree = "<group>"; };
		A80859881A2C5CBE007A20FB /* scroll_3.png */ = {isa = PBXFileReference; lastKnownFileType = image.png; path = scroll_3.png; sourceTree = "<group>"; };
		A845D98B1A28574200503D95 /* scroll_1@2x.png */ = {isa = PBXFileReference; lastKnownFileType = image.png; path = "scroll_1@2x.png"; sourceTree = "<group>"; };
		A845D98C1A28574200503D95 /* scroll_2@2x.png */ = {isa = PBXFileReference; lastKnownFileType = image.png; path = "scroll_2@2x.png"; sourceTree = "<group>"; };
		A845D98D1A28574200503D95 /* scroll_3@2x.png */ = {isa = PBXFileReference; lastKnownFileType = image.png; path = "scroll_3@2x.png"; sourceTree = "<group>"; };
		A85A1D691A106EB4007AA77D /* Reachability.h */ = {isa = PBXFileReference; fileEncoding = 4; lastKnownFileType = sourcecode.c.h; name = Reachability.h; path = third/Reachability.h; sourceTree = "<group>"; };
		A85A1D6A1A106EB4007AA77D /* Reachability.m */ = {isa = PBXFileReference; fileEncoding = 4; lastKnownFileType = sourcecode.c.objc; name = Reachability.m; path = third/Reachability.m; sourceTree = "<group>"; };
		A85A1D701A107187007AA77D /* NetProcessor.h */ = {isa = PBXFileReference; fileEncoding = 4; lastKnownFileType = sourcecode.c.h; name = NetProcessor.h; path = Processor/NetProcessor.h; sourceTree = "<group>"; };
		A85A1D711A107187007AA77D /* NetProcessor.m */ = {isa = PBXFileReference; fileEncoding = 4; lastKnownFileType = sourcecode.c.objc; name = NetProcessor.m; path = Processor/NetProcessor.m; sourceTree = "<group>"; };
		A88A8EC21A11F68F00A0F417 /* SearchDetailController.h */ = {isa = PBXFileReference; fileEncoding = 4; lastKnownFileType = sourcecode.c.h; path = SearchDetailController.h; sourceTree = "<group>"; };
		A88A8EC31A11F68F00A0F417 /* SearchDetailController.m */ = {isa = PBXFileReference; fileEncoding = 4; lastKnownFileType = sourcecode.c.objc; path = SearchDetailController.m; sourceTree = "<group>"; };
		A88A8EC51A11F76100A0F417 /* ChineseInclude.h */ = {isa = PBXFileReference; fileEncoding = 4; lastKnownFileType = sourcecode.c.h; name = ChineseInclude.h; path = domain/ChineseInclude.h; sourceTree = "<group>"; };
		A88A8EC61A11F76100A0F417 /* ChineseInclude.m */ = {isa = PBXFileReference; fileEncoding = 4; lastKnownFileType = sourcecode.c.objc; name = ChineseInclude.m; path = domain/ChineseInclude.m; sourceTree = "<group>"; };
		A88A8EC71A11F76100A0F417 /* Constant.h */ = {isa = PBXFileReference; fileEncoding = 4; lastKnownFileType = sourcecode.c.h; name = Constant.h; path = domain/Constant.h; sourceTree = "<group>"; };
		A88A8EC81A11F76100A0F417 /* Macro.h */ = {isa = PBXFileReference; fileEncoding = 4; lastKnownFileType = sourcecode.c.h; name = Macro.h; path = domain/Macro.h; sourceTree = "<group>"; };
		A88A8EF31A11F91500A0F417 /* ChineseToPinyinResource.h */ = {isa = PBXFileReference; fileEncoding = 4; lastKnownFileType = sourcecode.c.h; path = ChineseToPinyinResource.h; sourceTree = "<group>"; };
		A88A8EF41A11F91500A0F417 /* ChineseToPinyinResource.m */ = {isa = PBXFileReference; fileEncoding = 4; lastKnownFileType = sourcecode.c.objc; path = ChineseToPinyinResource.m; sourceTree = "<group>"; };
		A88A8EF51A11F91500A0F417 /* HanyuPinyinOutputFormat.h */ = {isa = PBXFileReference; fileEncoding = 4; lastKnownFileType = sourcecode.c.h; path = HanyuPinyinOutputFormat.h; sourceTree = "<group>"; };
		A88A8EF61A11F91500A0F417 /* HanyuPinyinOutputFormat.m */ = {isa = PBXFileReference; fileEncoding = 4; lastKnownFileType = sourcecode.c.objc; path = HanyuPinyinOutputFormat.m; sourceTree = "<group>"; };
		A88A8EF71A11F91500A0F417 /* NSString+PinYin4Cocoa.h */ = {isa = PBXFileReference; fileEncoding = 4; lastKnownFileType = sourcecode.c.h; path = "NSString+PinYin4Cocoa.h"; sourceTree = "<group>"; };
		A88A8EF81A11F91500A0F417 /* NSString+PinYin4Cocoa.m */ = {isa = PBXFileReference; fileEncoding = 4; lastKnownFileType = sourcecode.c.objc; path = "NSString+PinYin4Cocoa.m"; sourceTree = "<group>"; };
		A88A8EF91A11F91500A0F417 /* PinyinFormatter.h */ = {isa = PBXFileReference; fileEncoding = 4; lastKnownFileType = sourcecode.c.h; path = PinyinFormatter.h; sourceTree = "<group>"; };
		A88A8EFA1A11F91500A0F417 /* PinyinFormatter.m */ = {isa = PBXFileReference; fileEncoding = 4; lastKnownFileType = sourcecode.c.objc; path = PinyinFormatter.m; sourceTree = "<group>"; };
		A88A8EFB1A11F91500A0F417 /* PinYinForObjc.h */ = {isa = PBXFileReference; fileEncoding = 4; lastKnownFileType = sourcecode.c.h; path = PinYinForObjc.h; sourceTree = "<group>"; };
		A88A8EFC1A11F91500A0F417 /* PinYinForObjc.m */ = {isa = PBXFileReference; fileEncoding = 4; lastKnownFileType = sourcecode.c.objc; path = PinYinForObjc.m; sourceTree = "<group>"; };
		A88A8EFD1A11F91500A0F417 /* PinyinHelper.h */ = {isa = PBXFileReference; fileEncoding = 4; lastKnownFileType = sourcecode.c.h; path = PinyinHelper.h; sourceTree = "<group>"; };
		A88A8EFE1A11F91500A0F417 /* PinyinHelper.m */ = {isa = PBXFileReference; fileEncoding = 4; lastKnownFileType = sourcecode.c.objc; path = PinyinHelper.m; sourceTree = "<group>"; };
		A88A8EFF1A11F91500A0F417 /* unicode_to_hanyu_pinyin.txt */ = {isa = PBXFileReference; fileEncoding = 4; lastKnownFileType = text; path = unicode_to_hanyu_pinyin.txt; sourceTree = "<group>"; };
		A88A8F081A11F9B100A0F417 /* MLTransitionAnimation.h */ = {isa = PBXFileReference; fileEncoding = 4; lastKnownFileType = sourcecode.c.h; path = MLTransitionAnimation.h; sourceTree = "<group>"; };
		A88A8F091A11F9B100A0F417 /* MLTransitionAnimation.m */ = {isa = PBXFileReference; fileEncoding = 4; lastKnownFileType = sourcecode.c.objc; path = MLTransitionAnimation.m; sourceTree = "<group>"; };
		A88A8F0A1A11F9B100A0F417 /* UIViewController+MLTransition.h */ = {isa = PBXFileReference; fileEncoding = 4; lastKnownFileType = sourcecode.c.h; path = "UIViewController+MLTransition.h"; sourceTree = "<group>"; };
		A88A8F0B1A11F9B100A0F417 /* UIViewController+MLTransition.m */ = {isa = PBXFileReference; fileEncoding = 4; lastKnownFileType = sourcecode.c.objc; path = "UIViewController+MLTransition.m"; sourceTree = "<group>"; };
		A8A87AAB1A0A2B1500251CE9 /* QHCommonUtil.h */ = {isa = PBXFileReference; fileEncoding = 4; lastKnownFileType = sourcecode.c.h; path = QHCommonUtil.h; sourceTree = "<group>"; };
		A8A87AAC1A0A2B1500251CE9 /* QHCommonUtil.m */ = {isa = PBXFileReference; fileEncoding = 4; lastKnownFileType = sourcecode.c.objc; path = QHCommonUtil.m; sourceTree = "<group>"; };
		A8A87AAF1A0A2B1500251CE9 /* QHViewTag.h */ = {isa = PBXFileReference; fileEncoding = 4; lastKnownFileType = sourcecode.c.h; path = QHViewTag.h; sourceTree = "<group>"; };
		A8B50C7F1A0CC56600DC2DEA /* account_item_bg@2x.png */ = {isa = PBXFileReference; lastKnownFileType = image.png; path = "account_item_bg@2x.png"; sourceTree = "<group>"; };
		A8B50C801A0CC56600DC2DEA /* account_item_wbg@2x.png */ = {isa = PBXFileReference; lastKnownFileType = image.png; path = "account_item_wbg@2x.png"; sourceTree = "<group>"; };
		A8B50C811A0CC56600DC2DEA /* classify_item_bg@2x.png */ = {isa = PBXFileReference; lastKnownFileType = image.png; path = "classify_item_bg@2x.png"; sourceTree = "<group>"; };
		A8B50C821A0CC56600DC2DEA /* classify_item_wbg@2x.png */ = {isa = PBXFileReference; lastKnownFileType = image.png; path = "classify_item_wbg@2x.png"; sourceTree = "<group>"; };
		A8B50C831A0CC56600DC2DEA /* feed_back_item_bg@2x.png */ = {isa = PBXFileReference; lastKnownFileType = image.png; path = "feed_back_item_bg@2x.png"; sourceTree = "<group>"; };
		A8B50C841A0CC56600DC2DEA /* feed_back_item_wbg@2x.png */ = {isa = PBXFileReference; lastKnownFileType = image.png; path = "feed_back_item_wbg@2x.png"; sourceTree = "<group>"; };
		A8B50C851A0CC56600DC2DEA /* index_item_bg@2x.png */ = {isa = PBXFileReference; lastKnownFileType = image.png; path = "index_item_bg@2x.png"; sourceTree = "<group>"; };
		A8B50C861A0CC56600DC2DEA /* index_item_wbg@2x.png */ = {isa = PBXFileReference; lastKnownFileType = image.png; path = "index_item_wbg@2x.png"; sourceTree = "<group>"; };
		A8B50C871A0CC56600DC2DEA /* menu_icon_red@2x.png */ = {isa = PBXFileReference; lastKnownFileType = image.png; path = "menu_icon_red@2x.png"; sourceTree = "<group>"; };
		A8B50C881A0CC56600DC2DEA /* menu_icon_white@2x.png */ = {isa = PBXFileReference; lastKnownFileType = image.png; path = "menu_icon_white@2x.png"; sourceTree = "<group>"; };
		A8B50C891A0CC56600DC2DEA /* search_bg@2x.png */ = {isa = PBXFileReference; lastKnownFileType = image.png; path = "search_bg@2x.png"; sourceTree = "<group>"; };
		A8B50C8A1A0CC56600DC2DEA /* search_wbg@2x.png */ = {isa = PBXFileReference; lastKnownFileType = image.png; path = "search_wbg@2x.png"; sourceTree = "<group>"; };
		A8B50C8B1A0CC56600DC2DEA /* shopping_item_bg@2x.png */ = {isa = PBXFileReference; lastKnownFileType = image.png; path = "shopping_item_bg@2x.png"; sourceTree = "<group>"; };
		A8B50C8C1A0CC56600DC2DEA /* shopping_item_wbg@2x.png */ = {isa = PBXFileReference; lastKnownFileType = image.png; path = "shopping_item_wbg@2x.png"; sourceTree = "<group>"; };
		A8B50C8D1A0CC56600DC2DEA /* tabbar_bg@2x.png */ = {isa = PBXFileReference; lastKnownFileType = image.png; path = "tabbar_bg@2x.png"; sourceTree = "<group>"; };
		A8B50C8E1A0CC56600DC2DEA /* Thumbs.db */ = {isa = PBXFileReference; lastKnownFileType = file; path = Thumbs.db; sourceTree = "<group>"; };
		A8B50C901A0CC56600DC2DEA /* 1@2x.png */ = {isa = PBXFileReference; lastKnownFileType = image.png; path = "1@2x.png"; sourceTree = "<group>"; };
		A8B50C911A0CC56600DC2DEA /* 2@2x.png */ = {isa = PBXFileReference; lastKnownFileType = image.png; path = "2@2x.png"; sourceTree = "<group>"; };
		A8B50C921A0CC56600DC2DEA /* 3@2x.png */ = {isa = PBXFileReference; lastKnownFileType = image.png; path = "3@2x.png"; sourceTree = "<group>"; };
		A8B50C931A0CC56600DC2DEA /* 4@2x.png */ = {isa = PBXFileReference; lastKnownFileType = image.png; path = "4@2x.png"; sourceTree = "<group>"; };
		A8B50C941A0CC56600DC2DEA /* 5@2x.png */ = {isa = PBXFileReference; lastKnownFileType = image.png; path = "5@2x.png"; sourceTree = "<group>"; };
		A8B50C951A0CC56600DC2DEA /* jm.png */ = {isa = PBXFileReference; lastKnownFileType = image.png; path = jm.png; sourceTree = "<group>"; };
		A8B50C961A0CC56600DC2DEA /* left_bg@2x.png */ = {isa = PBXFileReference; lastKnownFileType = image.png; path = "left_bg@2x.png"; sourceTree = "<group>"; };
		A8B50C971A0CC56600DC2DEA /* left_line@2x.png */ = {isa = PBXFileReference; lastKnownFileType = image.png; path = "left_line@2x.png"; sourceTree = "<group>"; };
		A8B50C981A0CC56600DC2DEA /* push_btn_bg@2x.png */ = {isa = PBXFileReference; lastKnownFileType = image.png; path = "push_btn_bg@2x.png"; sourceTree = "<group>"; };
		A8FC06DB1A086BF7000FAD59 /* GuideViewController.h */ = {isa = PBXFileReference; fileEncoding = 4; lastKnownFileType = sourcecode.c.h; path = GuideViewController.h; sourceTree = "<group>"; };
		A8FC06DC1A086BF7000FAD59 /* GuideViewController.m */ = {isa = PBXFileReference; fileEncoding = 4; lastKnownFileType = sourcecode.c.objc; path = GuideViewController.m; sourceTree = "<group>"; };
		A8FC06DF1A08775A000FAD59 /* AccountViewController.h */ = {isa = PBXFileReference; fileEncoding = 4; lastKnownFileType = sourcecode.c.h; path = AccountViewController.h; sourceTree = "<group>"; };
		A8FC06E01A08775A000FAD59 /* AccountViewController.m */ = {isa = PBXFileReference; fileEncoding = 4; lastKnownFileType = sourcecode.c.objc; path = AccountViewController.m; sourceTree = "<group>"; };
		A8FC06E21A087792000FAD59 /* FeedBackViewController.h */ = {isa = PBXFileReference; fileEncoding = 4; lastKnownFileType = sourcecode.c.h; path = FeedBackViewController.h; sourceTree = "<group>"; };
		A8FC06E31A087792000FAD59 /* FeedBackViewController.m */ = {isa = PBXFileReference; fileEncoding = 4; lastKnownFileType = sourcecode.c.objc; path = FeedBackViewController.m; sourceTree = "<group>"; };
		A8FC06EB1A088F1C000FAD59 /* NextViewController.h */ = {isa = PBXFileReference; fileEncoding = 4; lastKnownFileType = sourcecode.c.h; path = NextViewController.h; sourceTree = "<group>"; };
		A8FC06EC1A088F1C000FAD59 /* NextViewController.m */ = {isa = PBXFileReference; fileEncoding = 4; lastKnownFileType = sourcecode.c.objc; path = NextViewController.m; sourceTree = "<group>"; };
		A8FC072D1A08BD85000FAD59 /* WebContainerController.h */ = {isa = PBXFileReference; fileEncoding = 4; lastKnownFileType = sourcecode.c.h; path = WebContainerController.h; sourceTree = "<group>"; };
		A8FC072E1A08BD85000FAD59 /* WebContainerController.m */ = {isa = PBXFileReference; fileEncoding = 4; lastKnownFileType = sourcecode.c.objc; path = WebContainerController.m; sourceTree = "<group>"; };
		A8FC072F1A08BD85000FAD59 /* WebContainerController.xib */ = {isa = PBXFileReference; fileEncoding = 4; lastKnownFileType = file.xib; path = WebContainerController.xib; sourceTree = "<group>"; };
		A8FC07321A08BFCE000FAD59 /* UIView+Custom.h */ = {isa = PBXFileReference; fileEncoding = 4; lastKnownFileType = sourcecode.c.h; path = "UIView+Custom.h"; sourceTree = "<group>"; };
		A8FC07331A08BFCE000FAD59 /* UIView+Custom.m */ = {isa = PBXFileReference; fileEncoding = 4; lastKnownFileType = sourcecode.c.objc; path = "UIView+Custom.m"; sourceTree = "<group>"; };
		A8FC07351A09D7BB000FAD59 /* SearchViewController.h */ = {isa = PBXFileReference; fileEncoding = 4; lastKnownFileType = sourcecode.c.h; path = SearchViewController.h; sourceTree = "<group>"; };
		A8FC07361A09D7BB000FAD59 /* SearchViewController.m */ = {isa = PBXFileReference; fileEncoding = 4; lastKnownFileType = sourcecode.c.objc; path = SearchViewController.m; sourceTree = "<group>"; };
/* End PBXFileReference section */

/* Begin PBXFrameworksBuildPhase section */
		7430603419A44EEB00D3625F /* Frameworks */ = {
			isa = PBXFrameworksBuildPhase;
			buildActionMask = 2147483647;
			files = (
				74597FCD19B1CBF000C9737E /* libz.dylib in Frameworks */,
				7430603D19A44EEB00D3625F /* CoreGraphics.framework in Frameworks */,
				7430603F19A44EEB00D3625F /* UIKit.framework in Frameworks */,
				7430603B19A44EEB00D3625F /* Foundation.framework in Frameworks */,
			);
			runOnlyForDeploymentPostprocessing = 0;
		};
		7430604F19A44EEB00D3625F /* Frameworks */ = {
			isa = PBXFrameworksBuildPhase;
			buildActionMask = 2147483647;
			files = (
				7430605419A44EEB00D3625F /* XCTest.framework in Frameworks */,
				7430605619A44EEB00D3625F /* UIKit.framework in Frameworks */,
				7430605519A44EEB00D3625F /* Foundation.framework in Frameworks */,
			);
			runOnlyForDeploymentPostprocessing = 0;
		};
/* End PBXFrameworksBuildPhase section */

/* Begin PBXGroup section */
		7430602E19A44EEB00D3625F = {
			isa = PBXGroup;
			children = (
				7430603919A44EEB00D3625F /* Frameworks */,
				7430604019A44EEB00D3625F /* IMFiveApp */,
				7430605919A44EEB00D3625F /* IMFiveAppTests */,
				7430603819A44EEB00D3625F /* Products */,
			);
			sourceTree = "<group>";
		};
		7430603819A44EEB00D3625F /* Products */ = {
			isa = PBXGroup;
			children = (
				7430603719A44EEB00D3625F /* IMFiveApp.app */,
				7430605219A44EEB00D3625F /* IMFiveAppTests.xctest */,
			);
			name = Products;
			sourceTree = "<group>";
		};
		7430603919A44EEB00D3625F /* Frameworks */ = {
			isa = PBXGroup;
			children = (
				74597FCC19B1CBF000C9737E /* libz.dylib */,
				7430603A19A44EEB00D3625F /* Foundation.framework */,
				7430603C19A44EEB00D3625F /* CoreGraphics.framework */,
				7430603E19A44EEB00D3625F /* UIKit.framework */,
				7430605319A44EEB00D3625F /* XCTest.framework */,
			);
			name = Frameworks;
			sourceTree = "<group>";
		};
		7430604019A44EEB00D3625F /* IMFiveApp */ = {
			isa = PBXGroup;
			children = (
				A85A1D6C1A107095007AA77D /* processor */,
				A8FC06DA1A086BF6000FAD59 /* 引导页 */,
				A82EDE9219FE4DDC004EFFA7 /* domain */,
				A82EDE8D19FE4361004EFFA7 /* ui */,
				744EE9D219A4C76400941E50 /* resource */,
				7430607D19A4522100D3625F /* category */,
				A82EDE8E19FE4381004EFFA7 /* third */,
				7430604C19A44EEB00D3625F /* Images.xcassets */,
				7430604119A44EEB00D3625F /* Supporting Files */,
			);
			path = IMFiveApp;
			sourceTree = "<group>";
		};
		7430604119A44EEB00D3625F /* Supporting Files */ = {
			isa = PBXGroup;
			children = (
				7430604919A44EEB00D3625F /* AppDelegate.h */,
				7430604A19A44EEB00D3625F /* AppDelegate.m */,
				7430604219A44EEB00D3625F /* IMFiveApp-Info.plist */,
				7430604319A44EEB00D3625F /* InfoPlist.strings */,
				7430604619A44EEB00D3625F /* main.m */,
				7430604819A44EEB00D3625F /* IMFiveApp-Prefix.pch */,
			);
			name = "Supporting Files";
			sourceTree = "<group>";
		};
		7430605919A44EEB00D3625F /* IMFiveAppTests */ = {
			isa = PBXGroup;
			children = (
				7430605F19A44EEB00D3625F /* IMFiveAppTests.m */,
				7430605A19A44EEB00D3625F /* Supporting Files */,
			);
			path = IMFiveAppTests;
			sourceTree = "<group>";
		};
		7430605A19A44EEB00D3625F /* Supporting Files */ = {
			isa = PBXGroup;
			children = (
				7430605B19A44EEB00D3625F /* IMFiveAppTests-Info.plist */,
				7430605C19A44EEB00D3625F /* InfoPlist.strings */,
			);
			name = "Supporting Files";
			sourceTree = "<group>";
		};
		7430607519A4516C00D3625F /* SliderViewController */ = {
			isa = PBXGroup;
			children = (
				7430607619A4516D00D3625F /* SliderViewController.h */,
				7430607719A4516D00D3625F /* SliderViewController.m */,
			);
			path = SliderViewController;
			sourceTree = "<group>";
		};
		7430607D19A4522100D3625F /* category */ = {
			isa = PBXGroup;
			children = (
				A8FC07321A08BFCE000FAD59 /* UIView+Custom.h */,
				A8FC07331A08BFCE000FAD59 /* UIView+Custom.m */,
				7430607E19A4522100D3625F /* QHBasicViewController.h */,
				7430607F19A4522100D3625F /* QHBasicViewController.m */,
				7430608019A4522100D3625F /* UIView+KGViewExtend.h */,
				7430608119A4522100D3625F /* UIView+KGViewExtend.m */,
			);
			name = category;
			path = ViewExtend;
			sourceTree = "<group>";
		};
		744EE9D219A4C76400941E50 /* resource */ = {
			isa = PBXGroup;
			children = (
				A8B50C7D1A0CC56600DC2DEA /* ios */,
			);
			path = resource;
			sourceTree = "<group>";
		};
		A82EDE8D19FE4361004EFFA7 /* ui */ = {
			isa = PBXGroup;
			children = (
				7430607519A4516C00D3625F /* SliderViewController */,
				7430608B19A4849B00D3625F /* MainTabViewController.h */,
				7430608C19A4849B00D3625F /* MainTabViewController.m */,
				7430606A19A4516C00D3625F /* LeftViewController.h */,
				7430606B19A4516C00D3625F /* LeftViewController.m */,
				A8FC06EB1A088F1C000FAD59 /* NextViewController.h */,
				A8FC06EC1A088F1C000FAD59 /* NextViewController.m */,
				A8FC072D1A08BD85000FAD59 /* WebContainerController.h */,
				A8FC072E1A08BD85000FAD59 /* WebContainerController.m */,
				A8FC072F1A08BD85000FAD59 /* WebContainerController.xib */,
				7430608D19A4849B00D3625F /* IndexViewController.h */,
				7430608E19A4849B00D3625F /* IndexViewController.m */,
				A8FC07351A09D7BB000FAD59 /* SearchViewController.h */,
				A8FC07361A09D7BB000FAD59 /* SearchViewController.m */,
				A88A8EC21A11F68F00A0F417 /* SearchDetailController.h */,
				A88A8EC31A11F68F00A0F417 /* SearchDetailController.m */,
				7430608719A4849B00D3625F /* ClassifyViewController.h */,
				7430608819A4849B00D3625F /* ClassifyViewController.m */,
				7430608919A4849B00D3625F /* ShoppingViewController.h */,
				7430608A19A4849B00D3625F /* ShoppingViewController.m */,
				A8FC06DF1A08775A000FAD59 /* AccountViewController.h */,
				A8FC06E01A08775A000FAD59 /* AccountViewController.m */,
				A8FC06E21A087792000FAD59 /* FeedBackViewController.h */,
				A8FC06E31A087792000FAD59 /* FeedBackViewController.m */,
			);
			name = ui;
			sourceTree = "<group>";
		};
		A82EDE8E19FE4381004EFFA7 /* third */ = {
			isa = PBXGroup;
			children = (
				A88A8F071A11F9B100A0F417 /* MLTransition */,
				A88A8EF21A11F91500A0F417 /* pinYin */,
				A85A1D691A106EB4007AA77D /* Reachability.h */,
				A85A1D6A1A106EB4007AA77D /* Reachability.m */,
				A8A87AAA1A0A2B1500251CE9 /* QHUtills */,
			);
			name = third;
			sourceTree = "<group>";
		};
		A82EDE9219FE4DDC004EFFA7 /* domain */ = {
			isa = PBXGroup;
			children = (
				A88A8EC51A11F76100A0F417 /* ChineseInclude.h */,
				A88A8EC61A11F76100A0F417 /* ChineseInclude.m */,
				A88A8EC71A11F76100A0F417 /* Constant.h */,
				A88A8EC81A11F76100A0F417 /* Macro.h */,
			);
			name = domain;
			sourceTree = "<group>";
		};
		A85A1D6C1A107095007AA77D /* processor */ = {
			isa = PBXGroup;
			children = (
				A85A1D701A107187007AA77D /* NetProcessor.h */,
				A85A1D711A107187007AA77D /* NetProcessor.m */,
			);
			name = processor;
			sourceTree = "<group>";
		};
		A88A8EF21A11F91500A0F417 /* pinYin */ = {
			isa = PBXGroup;
			children = (
				A88A8EF31A11F91500A0F417 /* ChineseToPinyinResource.h */,
				A88A8EF41A11F91500A0F417 /* ChineseToPinyinResource.m */,
				A88A8EF51A11F91500A0F417 /* HanyuPinyinOutputFormat.h */,
				A88A8EF61A11F91500A0F417 /* HanyuPinyinOutputFormat.m */,
				A88A8EF71A11F91500A0F417 /* NSString+PinYin4Cocoa.h */,
				A88A8EF81A11F91500A0F417 /* NSString+PinYin4Cocoa.m */,
				A88A8EF91A11F91500A0F417 /* PinyinFormatter.h */,
				A88A8EFA1A11F91500A0F417 /* PinyinFormatter.m */,
				A88A8EFB1A11F91500A0F417 /* PinYinForObjc.h */,
				A88A8EFC1A11F91500A0F417 /* PinYinForObjc.m */,
				A88A8EFD1A11F91500A0F417 /* PinyinHelper.h */,
				A88A8EFE1A11F91500A0F417 /* PinyinHelper.m */,
				A88A8EFF1A11F91500A0F417 /* unicode_to_hanyu_pinyin.txt */,
			);
			name = pinYin;
			path = third/pinYin;
			sourceTree = "<group>";
		};
		A88A8F071A11F9B100A0F417 /* MLTransition */ = {
			isa = PBXGroup;
			children = (
				A88A8F081A11F9B100A0F417 /* MLTransitionAnimation.h */,
				A88A8F091A11F9B100A0F417 /* MLTransitionAnimation.m */,
				A88A8F0A1A11F9B100A0F417 /* UIViewController+MLTransition.h */,
				A88A8F0B1A11F9B100A0F417 /* UIViewController+MLTransition.m */,
			);
			name = MLTransition;
			path = third/MLTransition;
			sourceTree = "<group>";
		};
		A8A87AAA1A0A2B1500251CE9 /* QHUtills */ = {
			isa = PBXGroup;
			children = (
				A8A87AAB1A0A2B1500251CE9 /* QHCommonUtil.h */,
				A8A87AAC1A0A2B1500251CE9 /* QHCommonUtil.m */,
				A8A87AAF1A0A2B1500251CE9 /* QHViewTag.h */,
			);
			name = QHUtills;
			path = third/QHUtills;
			sourceTree = "<group>";
		};
		A8B50C7D1A0CC56600DC2DEA /* ios */ = {
			isa = PBXGroup;
			children = (
				A80859861A2C5CBE007A20FB /* scroll_1.png */,
				A80859871A2C5CBE007A20FB /* scroll_2.png */,
				A80859881A2C5CBE007A20FB /* scroll_3.png */,
				A845D98B1A28574200503D95 /* scroll_1@2x.png */,
				A845D98C1A28574200503D95 /* scroll_2@2x.png */,
				A845D98D1A28574200503D95 /* scroll_3@2x.png */,
				A8B50C7E1A0CC56600DC2DEA /* index */,
				A8B50C8F1A0CC56600DC2DEA /* menu */,
			);
			path = ios;
			sourceTree = "<group>";
		};
		A8B50C7E1A0CC56600DC2DEA /* index */ = {
			isa = PBXGroup;
			children = (
				A8B50C7F1A0CC56600DC2DEA /* account_item_bg@2x.png */,
				A8B50C801A0CC56600DC2DEA /* account_item_wbg@2x.png */,
				A8B50C811A0CC56600DC2DEA /* classify_item_bg@2x.png */,
				A8B50C821A0CC56600DC2DEA /* classify_item_wbg@2x.png */,
				A8B50C831A0CC56600DC2DEA /* feed_back_item_bg@2x.png */,
				A8B50C841A0CC56600DC2DEA /* feed_back_item_wbg@2x.png */,
				A8B50C851A0CC56600DC2DEA /* index_item_bg@2x.png */,
				A8B50C861A0CC56600DC2DEA /* index_item_wbg@2x.png */,
				A8B50C871A0CC56600DC2DEA /* menu_icon_red@2x.png */,
				A8B50C881A0CC56600DC2DEA /* menu_icon_white@2x.png */,
				A8B50C891A0CC56600DC2DEA /* search_bg@2x.png */,
				A8B50C8A1A0CC56600DC2DEA /* search_wbg@2x.png */,
				A8B50C8B1A0CC56600DC2DEA /* shopping_item_bg@2x.png */,
				A8B50C8C1A0CC56600DC2DEA /* shopping_item_wbg@2x.png */,
				A8B50C8D1A0CC56600DC2DEA /* tabbar_bg@2x.png */,
				A8B50C8E1A0CC56600DC2DEA /* Thumbs.db */,
			);
			path = index;
			sourceTree = "<group>";
		};
		A8B50C8F1A0CC56600DC2DEA /* menu */ = {
			isa = PBXGroup;
			children = (
				A8B50C901A0CC56600DC2DEA /* 1@2x.png */,
				A8B50C911A0CC56600DC2DEA /* 2@2x.png */,
				A8B50C921A0CC56600DC2DEA /* 3@2x.png */,
				A8B50C931A0CC56600DC2DEA /* 4@2x.png */,
				A8B50C941A0CC56600DC2DEA /* 5@2x.png */,
				A8B50C951A0CC56600DC2DEA /* jm.png */,
				A8B50C961A0CC56600DC2DEA /* left_bg@2x.png */,
				A8B50C971A0CC56600DC2DEA /* left_line@2x.png */,
				A8B50C981A0CC56600DC2DEA /* push_btn_bg@2x.png */,
			);
			path = menu;
			sourceTree = "<group>";
		};
		A8FC06DA1A086BF6000FAD59 /* 引导页 */ = {
			isa = PBXGroup;
			children = (
				A8FC06DB1A086BF7000FAD59 /* GuideViewController.h */,
				A8FC06DC1A086BF7000FAD59 /* GuideViewController.m */,
			);
			path = "引导页";
			sourceTree = "<group>";
		};
/* End PBXGroup section */

/* Begin PBXNativeTarget section */
		7430603619A44EEB00D3625F /* IMFiveApp */ = {
			isa = PBXNativeTarget;
			buildConfigurationList = 7430606319A44EEC00D3625F /* Build configuration list for PBXNativeTarget "IMFiveApp" */;
			buildPhases = (
				7430603319A44EEB00D3625F /* Sources */,
				7430603419A44EEB00D3625F /* Frameworks */,
				7430603519A44EEB00D3625F /* Resources */,
			);
			buildRules = (
			);
			dependencies = (
			);
			name = IMFiveApp;
			productName = IMFiveApp;
			productReference = 7430603719A44EEB00D3625F /* IMFiveApp.app */;
			productType = "com.apple.product-type.application";
		};
		7430605119A44EEB00D3625F /* IMFiveAppTests */ = {
			isa = PBXNativeTarget;
			buildConfigurationList = 7430606619A44EEC00D3625F /* Build configuration list for PBXNativeTarget "IMFiveAppTests" */;
			buildPhases = (
				7430604E19A44EEB00D3625F /* Sources */,
				7430604F19A44EEB00D3625F /* Frameworks */,
				7430605019A44EEB00D3625F /* Resources */,
			);
			buildRules = (
			);
			dependencies = (
				7430605819A44EEB00D3625F /* PBXTargetDependency */,
			);
			name = IMFiveAppTests;
			productName = IMFiveAppTests;
			productReference = 7430605219A44EEB00D3625F /* IMFiveAppTests.xctest */;
			productType = "com.apple.product-type.bundle.unit-test";
		};
/* End PBXNativeTarget section */

/* Begin PBXProject section */
		7430602F19A44EEB00D3625F /* Project object */ = {
			isa = PBXProject;
			attributes = {
				LastUpgradeCheck = 0510;
				ORGANIZATIONNAME = chen;
				TargetAttributes = {
					7430603619A44EEB00D3625F = {
						DevelopmentTeam = 7GTVU55XYK;
					};
					7430605119A44EEB00D3625F = {
						TestTargetID = 7430603619A44EEB00D3625F;
					};
				};
			};
			buildConfigurationList = 7430603219A44EEB00D3625F /* Build configuration list for PBXProject "IMFiveApp" */;
			compatibilityVersion = "Xcode 3.2";
			developmentRegion = English;
			hasScannedForEncodings = 0;
			knownRegions = (
				en,
			);
			mainGroup = 7430602E19A44EEB00D3625F;
			productRefGroup = 7430603819A44EEB00D3625F /* Products */;
			projectDirPath = "";
			projectRoot = "";
			targets = (
				7430603619A44EEB00D3625F /* IMFiveApp */,
				7430605119A44EEB00D3625F /* IMFiveAppTests */,
			);
		};
/* End PBXProject section */

/* Begin PBXResourcesBuildPhase section */
		7430603519A44EEB00D3625F /* Resources */ = {
			isa = PBXResourcesBuildPhase;
			buildActionMask = 2147483647;
			files = (
				A8B50C9D1A0CC56600DC2DEA /* feed_back_item_bg@2x.png in Resources */,
				A80859891A2C5CBE007A20FB /* scroll_1.png in Resources */,
				A8B50CAD1A0CC56600DC2DEA /* 5@2x.png in Resources */,
				A8B50C991A0CC56600DC2DEA /* account_item_bg@2x.png in Resources */,
				A8B50CA61A0CC56600DC2DEA /* shopping_item_wbg@2x.png in Resources */,
				A8B50CAA1A0CC56600DC2DEA /* 2@2x.png in Resources */,
				A845D98E1A28574200503D95 /* scroll_1@2x.png in Resources */,
				A8FC07311A08BD85000FAD59 /* WebContainerController.xib in Resources */,
				A8B50CAF1A0CC56600DC2DEA /* left_bg@2x.png in Resources */,
				A8B50CAB1A0CC56600DC2DEA /* 3@2x.png in Resources */,
				A8B50CA01A0CC56600DC2DEA /* index_item_wbg@2x.png in Resources */,
				A8B50CA91A0CC56600DC2DEA /* 1@2x.png in Resources */,
				A8B50CB11A0CC56600DC2DEA /* push_btn_bg@2x.png in Resources */,
				A808598B1A2C5CBE007A20FB /* scroll_3.png in Resources */,
				A88A8F061A11F91500A0F417 /* unicode_to_hanyu_pinyin.txt in Resources */,
				A845D9901A28574200503D95 /* scroll_3@2x.png in Resources */,
				A8B50CA51A0CC56600DC2DEA /* shopping_item_bg@2x.png in Resources */,
				A8B50CA71A0CC56600DC2DEA /* tabbar_bg@2x.png in Resources */,
				A808598A1A2C5CBE007A20FB /* scroll_2.png in Resources */,
				A8B50CAE1A0CC56600DC2DEA /* jm.png in Resources */,
				A8B50CA11A0CC56600DC2DEA /* menu_icon_red@2x.png in Resources */,
				A8B50CA21A0CC56600DC2DEA /* menu_icon_white@2x.png in Resources */,
				A8B50CB01A0CC56600DC2DEA /* left_line@2x.png in Resources */,
				A8B50CA31A0CC56600DC2DEA /* search_bg@2x.png in Resources */,
				A8B50CA81A0CC56600DC2DEA /* Thumbs.db in Resources */,
				7430604519A44EEB00D3625F /* InfoPlist.strings in Resources */,
				A8B50C9B1A0CC56600DC2DEA /* classify_item_bg@2x.png in Resources */,
				A8B50C9F1A0CC56600DC2DEA /* index_item_bg@2x.png in Resources */,
				7430604D19A44EEB00D3625F /* Images.xcassets in Resources */,
				A845D98F1A28574200503D95 /* scroll_2@2x.png in Resources */,
				A8B50C9C1A0CC56600DC2DEA /* classify_item_wbg@2x.png in Resources */,
				A8B50C9E1A0CC56600DC2DEA /* feed_back_item_wbg@2x.png in Resources */,
				A8B50CAC1A0CC56600DC2DEA /* 4@2x.png in Resources */,
				A8B50CA41A0CC56600DC2DEA /* search_wbg@2x.png in Resources */,
				A8B50C9A1A0CC56600DC2DEA /* account_item_wbg@2x.png in Resources */,
			);
			runOnlyForDeploymentPostprocessing = 0;
		};
		7430605019A44EEB00D3625F /* Resources */ = {
			isa = PBXResourcesBuildPhase;
			buildActionMask = 2147483647;
			files = (
				7430605E19A44EEB00D3625F /* InfoPlist.strings in Resources */,
			);
			runOnlyForDeploymentPostprocessing = 0;
		};
/* End PBXResourcesBuildPhase section */

/* Begin PBXSourcesBuildPhase section */
		7430603319A44EEB00D3625F /* Sources */ = {
			isa = PBXSourcesBuildPhase;
			buildActionMask = 2147483647;
			files = (
				A85A1D721A107187007AA77D /* NetProcessor.m in Sources */,
				7430609119A4849B00D3625F /* ClassifyViewController.m in Sources */,
				A88A8F001A11F91500A0F417 /* ChineseToPinyinResource.m in Sources */,
				A8FC07341A08BFCE000FAD59 /* UIView+Custom.m in Sources */,
				7430607819A4516D00D3625F /* LeftViewController.m in Sources */,
				7430607C19A4516D00D3625F /* SliderViewController.m in Sources */,
				A88A8F021A11F91500A0F417 /* NSString+PinYin4Cocoa.m in Sources */,
				A8FC06E11A08775A000FAD59 /* AccountViewController.m in Sources */,
				A88A8EC91A11F76100A0F417 /* ChineseInclude.m in Sources */,
				A8FC06ED1A088F1C000FAD59 /* NextViewController.m in Sources */,
				7430604B19A44EEB00D3625F /* AppDelegate.m in Sources */,
				A88A8F031A11F91500A0F417 /* PinyinFormatter.m in Sources */,
				7430609419A4849B00D3625F /* IndexViewController.m in Sources */,
				7430609219A4849B00D3625F /* ShoppingViewController.m in Sources */,
				A8FC07371A09D7BB000FAD59 /* SearchViewController.m in Sources */,
				A85A1D6B1A106EB4007AA77D /* Reachability.m in Sources */,
				A8FC07301A08BD85000FAD59 /* WebContainerController.m in Sources */,
				A88A8F0C1A11F9B100A0F417 /* MLTransitionAnimation.m in Sources */,
				A88A8F0D1A11F9B100A0F417 /* UIViewController+MLTransition.m in Sources */,
				A8FC06E41A087792000FAD59 /* FeedBackViewController.m in Sources */,
				7430608219A4522100D3625F /* QHBasicViewController.m in Sources */,
				7430608319A4522100D3625F /* UIView+KGViewExtend.m in Sources */,
				A88A8F011A11F91500A0F417 /* HanyuPinyinOutputFormat.m in Sources */,
				A8A87ABB1A0A2B1500251CE9 /* QHCommonUtil.m in Sources */,
				A8FC06DD1A086BF7000FAD59 /* GuideViewController.m in Sources */,
				A88A8EC41A11F68F00A0F417 /* SearchDetailController.m in Sources */,
				A88A8F051A11F91500A0F417 /* PinyinHelper.m in Sources */,
				7430609319A4849B00D3625F /* MainTabViewController.m in Sources */,
				7430604719A44EEB00D3625F /* main.m in Sources */,
				A88A8F041A11F91500A0F417 /* PinYinForObjc.m in Sources */,
			);
			runOnlyForDeploymentPostprocessing = 0;
		};
		7430604E19A44EEB00D3625F /* Sources */ = {
			isa = PBXSourcesBuildPhase;
			buildActionMask = 2147483647;
			files = (
				7430606019A44EEB00D3625F /* IMFiveAppTests.m in Sources */,
			);
			runOnlyForDeploymentPostprocessing = 0;
		};
/* End PBXSourcesBuildPhase section */

/* Begin PBXTargetDependency section */
		7430605819A44EEB00D3625F /* PBXTargetDependency */ = {
			isa = PBXTargetDependency;
			target = 7430603619A44EEB00D3625F /* IMFiveApp */;
			targetProxy = 7430605719A44EEB00D3625F /* PBXContainerItemProxy */;
		};
/* End PBXTargetDependency section */

/* Begin PBXVariantGroup section */
		7430604319A44EEB00D3625F /* InfoPlist.strings */ = {
			isa = PBXVariantGroup;
			children = (
				7430604419A44EEB00D3625F /* en */,
			);
			name = InfoPlist.strings;
			sourceTree = "<group>";
		};
		7430605C19A44EEB00D3625F /* InfoPlist.strings */ = {
			isa = PBXVariantGroup;
			children = (
				7430605D19A44EEB00D3625F /* en */,
			);
			name = InfoPlist.strings;
			sourceTree = "<group>";
		};
/* End PBXVariantGroup section */

/* Begin XCBuildConfiguration section */
		7430606119A44EEC00D3625F /* Debug */ = {
			isa = XCBuildConfiguration;
			buildSettings = {
				ALWAYS_SEARCH_USER_PATHS = NO;
				CLANG_CXX_LANGUAGE_STANDARD = "gnu++0x";
				CLANG_CXX_LIBRARY = "libc++";
				CLANG_ENABLE_MODULES = YES;
				CLANG_ENABLE_OBJC_ARC = YES;
				CLANG_WARN_BOOL_CONVERSION = YES;
				CLANG_WARN_CONSTANT_CONVERSION = YES;
				CLANG_WARN_DIRECT_OBJC_ISA_USAGE = YES_ERROR;
				CLANG_WARN_EMPTY_BODY = YES;
				CLANG_WARN_ENUM_CONVERSION = YES;
				CLANG_WARN_INT_CONVERSION = YES;
				CLANG_WARN_OBJC_ROOT_CLASS = YES_ERROR;
				CLANG_WARN__DUPLICATE_METHOD_MATCH = YES;
				CODE_SIGN_IDENTITY = "iPhone Distribution: Fei Wang (7GTVU55XYK)";
				"CODE_SIGN_IDENTITY[sdk=iphoneos*]" = "iPhone Distribution: Fei Wang (7GTVU55XYK)";
				COPY_PHASE_STRIP = NO;
				GCC_C_LANGUAGE_STANDARD = gnu99;
				GCC_DYNAMIC_NO_PIC = NO;
				GCC_OPTIMIZATION_LEVEL = 0;
				GCC_PREPROCESSOR_DEFINITIONS = (
					"DEBUG=1",
					"$(inherited)",
				);
				GCC_SYMBOLS_PRIVATE_EXTERN = NO;
				GCC_WARN_64_TO_32_BIT_CONVERSION = YES;
				GCC_WARN_ABOUT_RETURN_TYPE = YES_ERROR;
				GCC_WARN_UNDECLARED_SELECTOR = YES;
				GCC_WARN_UNINITIALIZED_AUTOS = YES_AGGRESSIVE;
				GCC_WARN_UNUSED_FUNCTION = YES;
				GCC_WARN_UNUSED_VARIABLE = YES;
				IPHONEOS_DEPLOYMENT_TARGET = 7.1;
				ONLY_ACTIVE_ARCH = YES;
				PROVISIONING_PROFILE = "be784c7a-1e33-4443-95ff-efed64fb9168";
				SDKROOT = iphoneos;
			};
			name = Debug;
		};
		7430606219A44EEC00D3625F /* Release */ = {
			isa = XCBuildConfiguration;
			buildSettings = {
				ALWAYS_SEARCH_USER_PATHS = NO;
				CLANG_CXX_LANGUAGE_STANDARD = "gnu++0x";
				CLANG_CXX_LIBRARY = "libc++";
				CLANG_ENABLE_MODULES = YES;
				CLANG_ENABLE_OBJC_ARC = YES;
				CLANG_WARN_BOOL_CONVERSION = YES;
				CLANG_WARN_CONSTANT_CONVERSION = YES;
				CLANG_WARN_DIRECT_OBJC_ISA_USAGE = YES_ERROR;
				CLANG_WARN_EMPTY_BODY = YES;
				CLANG_WARN_ENUM_CONVERSION = YES;
				CLANG_WARN_INT_CONVERSION = YES;
				CLANG_WARN_OBJC_ROOT_CLASS = YES_ERROR;
				CLANG_WARN__DUPLICATE_METHOD_MATCH = YES;
				CODE_SIGN_IDENTITY = "iPhone Distribution: Fei Wang (7GTVU55XYK)";
				"CODE_SIGN_IDENTITY[sdk=iphoneos*]" = "iPhone Distribution: Fei Wang (7GTVU55XYK)";
				COPY_PHASE_STRIP = YES;
				ENABLE_NS_ASSERTIONS = NO;
				GCC_C_LANGUAGE_STANDARD = gnu99;
				GCC_WARN_64_TO_32_BIT_CONVERSION = YES;
				GCC_WARN_ABOUT_RETURN_TYPE = YES_ERROR;
				GCC_WARN_UNDECLARED_SELECTOR = YES;
				GCC_WARN_UNINITIALIZED_AUTOS = YES_AGGRESSIVE;
				GCC_WARN_UNUSED_FUNCTION = YES;
				GCC_WARN_UNUSED_VARIABLE = YES;
				IPHONEOS_DEPLOYMENT_TARGET = 7.1;
				PROVISIONING_PROFILE = "be784c7a-1e33-4443-95ff-efed64fb9168";
				SDKROOT = iphoneos;
				VALIDATE_PRODUCT = YES;
			};
			name = Release;
		};
		7430606419A44EEC00D3625F /* Debug */ = {
			isa = XCBuildConfiguration;
			buildSettings = {
				ASSETCATALOG_COMPILER_APPICON_NAME = AppIcon;
				ASSETCATALOG_COMPILER_LAUNCHIMAGE_NAME = LaunchImage;
				CODE_SIGN_IDENTITY = "iPhone Developer";
				"CODE_SIGN_IDENTITY[sdk=iphoneos*]" = "iPhone Developer";
				GCC_PRECOMPILE_PREFIX_HEADER = YES;
				GCC_PREFIX_HEADER = "IMFiveApp/IMFiveApp-Prefix.pch";
				HEADER_SEARCH_PATHS = "$(inherited)";
				INFOPLIST_FILE = "IMFiveApp/IMFiveApp-Info.plist";
				IPHONEOS_DEPLOYMENT_TARGET = 7.0;
				LIBRARY_SEARCH_PATHS = "$(inherited)";
				PRODUCT_NAME = "$(TARGET_NAME)";
				PROVISIONING_PROFILE = "";
				WRAPPER_EXTENSION = app;
			};
			name = Debug;
		};
		7430606519A44EEC00D3625F /* Release */ = {
			isa = XCBuildConfiguration;
			buildSettings = {
				ASSETCATALOG_COMPILER_APPICON_NAME = AppIcon;
				ASSETCATALOG_COMPILER_LAUNCHIMAGE_NAME = LaunchImage;
				CODE_SIGN_IDENTITY = "iPhone Developer";
				"CODE_SIGN_IDENTITY[sdk=iphoneos*]" = "iPhone Developer";
				GCC_PRECOMPILE_PREFIX_HEADER = YES;
				GCC_PREFIX_HEADER = "IMFiveApp/IMFiveApp-Prefix.pch";
				HEADER_SEARCH_PATHS = "$(inherited)";
				INFOPLIST_FILE = "IMFiveApp/IMFiveApp-Info.plist";
				IPHONEOS_DEPLOYMENT_TARGET = 7.0;
				LIBRARY_SEARCH_PATHS = "$(inherited)";
				PRODUCT_NAME = "$(TARGET_NAME)";
				PROVISIONING_PROFILE = "";
				WRAPPER_EXTENSION = app;
			};
			name = Release;
		};
		7430606719A44EEC00D3625F /* Debug */ = {
			isa = XCBuildConfiguration;
			buildSettings = {
				BUNDLE_LOADER = "$(BUILT_PRODUCTS_DIR)/IMFiveApp.app/IMFiveApp";
				FRAMEWORK_SEARCH_PATHS = (
					"$(SDKROOT)/Developer/Library/Frameworks",
					"$(inherited)",
					"$(DEVELOPER_FRAMEWORKS_DIR)",
				);
				GCC_PRECOMPILE_PREFIX_HEADER = YES;
				GCC_PREFIX_HEADER = "IMFiveApp/IMFiveApp-Prefix.pch";
				GCC_PREPROCESSOR_DEFINITIONS = (
					"DEBUG=1",
					"$(inherited)",
				);
				INFOPLIST_FILE = "IMFiveAppTests/IMFiveAppTests-Info.plist";
				PRODUCT_NAME = "$(TARGET_NAME)";
				TEST_HOST = "$(BUNDLE_LOADER)";
				WRAPPER_EXTENSION = xctest;
			};
			name = Debug;
		};
		7430606819A44EEC00D3625F /* Release */ = {
			isa = XCBuildConfiguration;
			buildSettings = {
				BUNDLE_LOADER = "$(BUILT_PRODUCTS_DIR)/IMFiveApp.app/IMFiveApp";
				FRAMEWORK_SEARCH_PATHS = (
					"$(SDKROOT)/Developer/Library/Frameworks",
					"$(inherited)",
					"$(DEVELOPER_FRAMEWORKS_DIR)",
				);
				GCC_PRECOMPILE_PREFIX_HEADER = YES;
				GCC_PREFIX_HEADER = "IMFiveApp/IMFiveApp-Prefix.pch";
				INFOPLIST_FILE = "IMFiveAppTests/IMFiveAppTests-Info.plist";
				PRODUCT_NAME = "$(TARGET_NAME)";
				TEST_HOST = "$(BUNDLE_LOADER)";
				WRAPPER_EXTENSION = xctest;
			};
			name = Release;
		};
/* End XCBuildConfiguration section */

/* Begin XCConfigurationList section */
		7430603219A44EEB00D3625F /* Build configuration list for PBXProject "IMFiveApp" */ = {
			isa = XCConfigurationList;
			buildConfigurations = (
				7430606119A44EEC00D3625F /* Debug */,
				7430606219A44EEC00D3625F /* Release */,
			);
			defaultConfigurationIsVisible = 0;
			defaultConfigurationName = Release;
		};
		7430606319A44EEC00D3625F /* Build configuration list for PBXNativeTarget "IMFiveApp" */ = {
			isa = XCConfigurationList;
			buildConfigurations = (
				7430606419A44EEC00D3625F /* Debug */,
				7430606519A44EEC00D3625F /* Release */,
			);
			defaultConfigurationIsVisible = 0;
			defaultConfigurationName = Release;
		};
		7430606619A44EEC00D3625F /* Build configuration list for PBXNativeTarget "IMFiveAppTests" */ = {
			isa = XCConfigurationList;
			buildConfigurations = (
				7430606719A44EEC00D3625F /* Debug */,
				7430606819A44EEC00D3625F /* Release */,
			);
			defaultConfigurationIsVisible = 0;
			defaultConfigurationName = Release;
		};
/* End XCConfigurationList section */
	};
	rootObject = 7430602F19A44EEB00D3625F /* Project object */;
}
